// !$*UTF8*$!
{
	archiveVersion = 1;
	classes = {
	};
	objectVersion = 46;
	objects = {

/* Begin PBXBuildFile section */
		2D2A1D8A1F72536400B065B7 /* SWMineViewModel.swift in Sources */ = {isa = PBXBuildFile; fileRef = 2D2A1D891F72536400B065B7 /* SWMineViewModel.swift */; };
		2D2A1DA21F7390E300B065B7 /* NSString+SWExt.m in Sources */ = {isa = PBXBuildFile; fileRef = 2D2A1DA11F7390E300B065B7 /* NSString+SWExt.m */; };
		2D67DFA31F31D3E50092DF47 /* AppDelegate.swift in Sources */ = {isa = PBXBuildFile; fileRef = 2D67DF761F31D3E50092DF47 /* AppDelegate.swift */; };
		2D67DFA41F31D3E50092DF47 /* SWChannelController.swift in Sources */ = {isa = PBXBuildFile; fileRef = 2D67DF791F31D3E50092DF47 /* SWChannelController.swift */; };
		2D67DFA51F31D3E50092DF47 /* SWSlideMenuModel.swift in Sources */ = {isa = PBXBuildFile; fileRef = 2D67DF7B1F31D3E50092DF47 /* SWSlideMenuModel.swift */; };
		2D67DFA61F31D3E50092DF47 /* SWSlideMenuView.swift in Sources */ = {isa = PBXBuildFile; fileRef = 2D67DF7D1F31D3E50092DF47 /* SWSlideMenuView.swift */; };
		2D67DFA81F31D3E50092DF47 /* SWConfig.swift in Sources */ = {isa = PBXBuildFile; fileRef = 2D67DF801F31D3E50092DF47 /* SWConfig.swift */; };
		2D67DFA91F31D3E50092DF47 /* SWBaseSettingController.swift in Sources */ = {isa = PBXBuildFile; fileRef = 2D67DF841F31D3E50092DF47 /* SWBaseSettingController.swift */; };
		2D67DFAA1F31D3E50092DF47 /* SWBaseSettingModel.swift in Sources */ = {isa = PBXBuildFile; fileRef = 2D67DF861F31D3E50092DF47 /* SWBaseSettingModel.swift */; };
		2D67DFAB1F31D3E50092DF47 /* SWBaseSettingCell.swift in Sources */ = {isa = PBXBuildFile; fileRef = 2D67DF881F31D3E50092DF47 /* SWBaseSettingCell.swift */; };
		2D67DFAC1F31D3E50092DF47 /* SWHomePageController.swift in Sources */ = {isa = PBXBuildFile; fileRef = 2D67DF8B1F31D3E50092DF47 /* SWHomePageController.swift */; };
		2D67DFAD1F31D3E50092DF47 /* SWArticleModel.swift in Sources */ = {isa = PBXBuildFile; fileRef = 2D67DF8D1F31D3E50092DF47 /* SWArticleModel.swift */; };
		2D67DFAE1F31D3E50092DF47 /* SWAdveSlideView.swift in Sources */ = {isa = PBXBuildFile; fileRef = 2D67DF8F1F31D3E50092DF47 /* SWAdveSlideView.swift */; };
		2D67DFAF1F31D3E50092DF47 /* SWHomePageCell.swift in Sources */ = {isa = PBXBuildFile; fileRef = 2D67DF901F31D3E50092DF47 /* SWHomePageCell.swift */; };
		2D67DFB01F31D3E50092DF47 /* SWHomePageViewModel.swift in Sources */ = {isa = PBXBuildFile; fileRef = 2D67DF921F31D3E50092DF47 /* SWHomePageViewModel.swift */; };
		2D67DFB11F31D3E50092DF47 /* SWNavigationController.swift in Sources */ = {isa = PBXBuildFile; fileRef = 2D67DF951F31D3E50092DF47 /* SWNavigationController.swift */; };
		2D67DFB21F31D3E50092DF47 /* SWTabBarController.swift in Sources */ = {isa = PBXBuildFile; fileRef = 2D67DF961F31D3E50092DF47 /* SWTabBarController.swift */; };
		2D67DFB31F31D3E50092DF47 /* SWMineViewController.swift in Sources */ = {isa = PBXBuildFile; fileRef = 2D67DF991F31D3E50092DF47 /* SWMineViewController.swift */; };
		2D67DFB41F31D3E50092DF47 /* SWUserSetingController.swift in Sources */ = {isa = PBXBuildFile; fileRef = 2D67DF9A1F31D3E50092DF47 /* SWUserSetingController.swift */; };
		2D67DFB51F31D3E50092DF47 /* SWUserInfoModel.swift in Sources */ = {isa = PBXBuildFile; fileRef = 2D67DF9C1F31D3E50092DF47 /* SWUserInfoModel.swift */; };
		2D67DFB61F31D3E50092DF47 /* SWMineHeaderVIew.swift in Sources */ = {isa = PBXBuildFile; fileRef = 2D67DF9E1F31D3E50092DF47 /* SWMineHeaderVIew.swift */; };
		2D67DFB71F31D3E50092DF47 /* SWNetRequest.swift in Sources */ = {isa = PBXBuildFile; fileRef = 2D67DFA11F31D3E50092DF47 /* SWNetRequest.swift */; };
		2D67DFBB1F32C44C0092DF47 /* SWChannelViewModel.swift in Sources */ = {isa = PBXBuildFile; fileRef = 2D67DFBA1F32C44C0092DF47 /* SWChannelViewModel.swift */; };
		2D7799C41F4590D7000BDA12 /* SWLoginViewController.swift in Sources */ = {isa = PBXBuildFile; fileRef = 2D7799C21F4590D7000BDA12 /* SWLoginViewController.swift */; };
		2D7799C51F4590D7000BDA12 /* SWLoginViewController.xib in Resources */ = {isa = PBXBuildFile; fileRef = 2D7799C31F4590D7000BDA12 /* SWLoginViewController.xib */; };
		2D7799C71F45922F000BDA12 /* Assets.xcassets in Resources */ = {isa = PBXBuildFile; fileRef = 2D7799C61F45922F000BDA12 /* Assets.xcassets */; };
		2D7799CC1F45924B000BDA12 /* LaunchScreen.storyboard in Resources */ = {isa = PBXBuildFile; fileRef = 2D7799C81F45924B000BDA12 /* LaunchScreen.storyboard */; };
		2D7799CD1F45924B000BDA12 /* Main.storyboard in Resources */ = {isa = PBXBuildFile; fileRef = 2D7799CA1F45924B000BDA12 /* Main.storyboard */; };
		2D7799CF1F459254000BDA12 /* Info.plist in Resources */ = {isa = PBXBuildFile; fileRef = 2D7799CE1F459254000BDA12 /* Info.plist */; };
		2D7799D21F467A9D000BDA12 /* SWRegisterViewController.swift in Sources */ = {isa = PBXBuildFile; fileRef = 2D7799D01F467A9D000BDA12 /* SWRegisterViewController.swift */; };
		2D7799D31F467A9D000BDA12 /* SWRegisterViewController.xib in Resources */ = {isa = PBXBuildFile; fileRef = 2D7799D11F467A9D000BDA12 /* SWRegisterViewController.xib */; };
		2D7799D61F468FCF000BDA12 /* SWForgetPwsViewController.swift in Sources */ = {isa = PBXBuildFile; fileRef = 2D7799D41F468FCF000BDA12 /* SWForgetPwsViewController.swift */; };
		2D7799D71F468FCF000BDA12 /* SWForgetPwsViewController.xib in Resources */ = {isa = PBXBuildFile; fileRef = 2D7799D51F468FCF000BDA12 /* SWForgetPwsViewController.xib */; };
		2DA208B21F1F2C6000D318EC /* LiteraryHeavenTests.swift in Sources */ = {isa = PBXBuildFile; fileRef = 2DA208B11F1F2C6000D318EC /* LiteraryHeavenTests.swift */; };
		2DA208BD1F1F2C6000D318EC /* LiteraryHeavenUITests.swift in Sources */ = {isa = PBXBuildFile; fileRef = 2DA208BC1F1F2C6000D318EC /* LiteraryHeavenUITests.swift */; };
		89D2ACAB036B1B8F986B0CF7 /* Pods_LiteraryHeaven.framework in Frameworks */ = {isa = PBXBuildFile; fileRef = 9BBD78DE27A1155C4AECBBF1 /* Pods_LiteraryHeaven.framework */; };
/* End PBXBuildFile section */

/* Begin PBXContainerItemProxy section */
		2DA208AE1F1F2C6000D318EC /* PBXContainerItemProxy */ = {
			isa = PBXContainerItemProxy;
			containerPortal = 2DA208911F1F2C6000D318EC /* Project object */;
			proxyType = 1;
			remoteGlobalIDString = 2DA208981F1F2C6000D318EC;
			remoteInfo = LiteraryHeaven;
		};
		2DA208B91F1F2C6000D318EC /* PBXContainerItemProxy */ = {
			isa = PBXContainerItemProxy;
			containerPortal = 2DA208911F1F2C6000D318EC /* Project object */;
			proxyType = 1;
			remoteGlobalIDString = 2DA208981F1F2C6000D318EC;
			remoteInfo = LiteraryHeaven;
		};
/* End PBXContainerItemProxy section */

/* Begin PBXFileReference section */
		2D2A1D891F72536400B065B7 /* SWMineViewModel.swift */ = {isa = PBXFileReference; fileEncoding = 4; lastKnownFileType = sourcecode.swift; path = SWMineViewModel.swift; sourceTree = "<group>"; };
		2D2A1DA01F7390E300B065B7 /* NSString+SWExt.h */ = {isa = PBXFileReference; fileEncoding = 4; lastKnownFileType = sourcecode.c.h; path = "NSString+SWExt.h"; sourceTree = "<group>"; };
		2D2A1DA11F7390E300B065B7 /* NSString+SWExt.m */ = {isa = PBXFileReference; fileEncoding = 4; lastKnownFileType = sourcecode.c.objc; path = "NSString+SWExt.m"; sourceTree = "<group>"; };
		2D67DF761F31D3E50092DF47 /* AppDelegate.swift */ = {isa = PBXFileReference; fileEncoding = 4; lastKnownFileType = sourcecode.swift; path = AppDelegate.swift; sourceTree = "<group>"; };
		2D67DF791F31D3E50092DF47 /* SWChannelController.swift */ = {isa = PBXFileReference; fileEncoding = 4; lastKnownFileType = sourcecode.swift; path = SWChannelController.swift; sourceTree = "<group>"; };
		2D67DF7B1F31D3E50092DF47 /* SWSlideMenuModel.swift */ = {isa = PBXFileReference; fileEncoding = 4; lastKnownFileType = sourcecode.swift; path = SWSlideMenuModel.swift; sourceTree = "<group>"; };
		2D67DF7D1F31D3E50092DF47 /* SWSlideMenuView.swift */ = {isa = PBXFileReference; fileEncoding = 4; lastKnownFileType = sourcecode.swift; path = SWSlideMenuView.swift; sourceTree = "<group>"; };
		2D67DF801F31D3E50092DF47 /* SWConfig.swift */ = {isa = PBXFileReference; fileEncoding = 4; lastKnownFileType = sourcecode.swift; path = SWConfig.swift; sourceTree = "<group>"; };
		2D67DF841F31D3E50092DF47 /* SWBaseSettingController.swift */ = {isa = PBXFileReference; fileEncoding = 4; lastKnownFileType = sourcecode.swift; path = SWBaseSettingController.swift; sourceTree = "<group>"; };
		2D67DF861F31D3E50092DF47 /* SWBaseSettingModel.swift */ = {isa = PBXFileReference; fileEncoding = 4; lastKnownFileType = sourcecode.swift; path = SWBaseSettingModel.swift; sourceTree = "<group>"; };
		2D67DF881F31D3E50092DF47 /* SWBaseSettingCell.swift */ = {isa = PBXFileReference; fileEncoding = 4; lastKnownFileType = sourcecode.swift; path = SWBaseSettingCell.swift; sourceTree = "<group>"; };
		2D67DF8B1F31D3E50092DF47 /* SWHomePageController.swift */ = {isa = PBXFileReference; fileEncoding = 4; lastKnownFileType = sourcecode.swift; path = SWHomePageController.swift; sourceTree = "<group>"; };
		2D67DF8D1F31D3E50092DF47 /* SWArticleModel.swift */ = {isa = PBXFileReference; fileEncoding = 4; lastKnownFileType = sourcecode.swift; path = SWArticleModel.swift; sourceTree = "<group>"; };
		2D67DF8F1F31D3E50092DF47 /* SWAdveSlideView.swift */ = {isa = PBXFileReference; fileEncoding = 4; lastKnownFileType = sourcecode.swift; path = SWAdveSlideView.swift; sourceTree = "<group>"; };
		2D67DF901F31D3E50092DF47 /* SWHomePageCell.swift */ = {isa = PBXFileReference; fileEncoding = 4; lastKnownFileType = sourcecode.swift; path = SWHomePageCell.swift; sourceTree = "<group>"; };
		2D67DF921F31D3E50092DF47 /* SWHomePageViewModel.swift */ = {isa = PBXFileReference; fileEncoding = 4; lastKnownFileType = sourcecode.swift; path = SWHomePageViewModel.swift; sourceTree = "<group>"; };
		2D67DF941F31D3E50092DF47 /* LiteraryHeaven-Bridging-Header.h */ = {isa = PBXFileReference; fileEncoding = 4; lastKnownFileType = sourcecode.c.h; path = "LiteraryHeaven-Bridging-Header.h"; sourceTree = "<group>"; };
		2D67DF951F31D3E50092DF47 /* SWNavigationController.swift */ = {isa = PBXFileReference; fileEncoding = 4; lastKnownFileType = sourcecode.swift; path = SWNavigationController.swift; sourceTree = "<group>"; };
		2D67DF961F31D3E50092DF47 /* SWTabBarController.swift */ = {isa = PBXFileReference; fileEncoding = 4; lastKnownFileType = sourcecode.swift; path = SWTabBarController.swift; sourceTree = "<group>"; };
		2D67DF991F31D3E50092DF47 /* SWMineViewController.swift */ = {isa = PBXFileReference; fileEncoding = 4; lastKnownFileType = sourcecode.swift; path = SWMineViewController.swift; sourceTree = "<group>"; };
		2D67DF9A1F31D3E50092DF47 /* SWUserSetingController.swift */ = {isa = PBXFileReference; fileEncoding = 4; lastKnownFileType = sourcecode.swift; path = SWUserSetingController.swift; sourceTree = "<group>"; };
		2D67DF9C1F31D3E50092DF47 /* SWUserInfoModel.swift */ = {isa = PBXFileReference; fileEncoding = 4; lastKnownFileType = sourcecode.swift; path = SWUserInfoModel.swift; sourceTree = "<group>"; };
		2D67DF9E1F31D3E50092DF47 /* SWMineHeaderVIew.swift */ = {isa = PBXFileReference; fileEncoding = 4; lastKnownFileType = sourcecode.swift; path = SWMineHeaderVIew.swift; sourceTree = "<group>"; };
		2D67DFA11F31D3E50092DF47 /* SWNetRequest.swift */ = {isa = PBXFileReference; fileEncoding = 4; lastKnownFileType = sourcecode.swift; path = SWNetRequest.swift; sourceTree = "<group>"; };
		2D67DFBA1F32C44C0092DF47 /* SWChannelViewModel.swift */ = {isa = PBXFileReference; fileEncoding = 4; lastKnownFileType = sourcecode.swift; path = SWChannelViewModel.swift; sourceTree = "<group>"; };
		2D7799C21F4590D7000BDA12 /* SWLoginViewController.swift */ = {isa = PBXFileReference; fileEncoding = 4; lastKnownFileType = sourcecode.swift; path = SWLoginViewController.swift; sourceTree = "<group>"; };
		2D7799C31F4590D7000BDA12 /* SWLoginViewController.xib */ = {isa = PBXFileReference; fileEncoding = 4; lastKnownFileType = file.xib; path = SWLoginViewController.xib; sourceTree = "<group>"; };
		2D7799C61F45922F000BDA12 /* Assets.xcassets */ = {isa = PBXFileReference; lastKnownFileType = folder.assetcatalog; name = Assets.xcassets; path = LiteraryHeaven/Assets.xcassets; sourceTree = SOURCE_ROOT; };
		2D7799C91F45924B000BDA12 /* Base */ = {isa = PBXFileReference; lastKnownFileType = file.storyboard; name = Base; path = LiteraryHeaven/Base.lproj/LaunchScreen.storyboard; sourceTree = SOURCE_ROOT; };
		2D7799CB1F45924B000BDA12 /* Base */ = {isa = PBXFileReference; lastKnownFileType = file.storyboard; name = Base; path = LiteraryHeaven/Base.lproj/Main.storyboard; sourceTree = SOURCE_ROOT; };
		2D7799CE1F459254000BDA12 /* Info.plist */ = {isa = PBXFileReference; fileEncoding = 4; lastKnownFileType = text.plist.xml; name = Info.plist; path = LiteraryHeaven/Info.plist; sourceTree = SOURCE_ROOT; };
		2D7799D01F467A9D000BDA12 /* SWRegisterViewController.swift */ = {isa = PBXFileReference; fileEncoding = 4; lastKnownFileType = sourcecode.swift; path = SWRegisterViewController.swift; sourceTree = "<group>"; };
		2D7799D11F467A9D000BDA12 /* SWRegisterViewController.xib */ = {isa = PBXFileReference; fileEncoding = 4; lastKnownFileType = file.xib; path = SWRegisterViewController.xib; sourceTree = "<group>"; };
		2D7799D41F468FCF000BDA12 /* SWForgetPwsViewController.swift */ = {isa = PBXFileReference; fileEncoding = 4; lastKnownFileType = sourcecode.swift; path = SWForgetPwsViewController.swift; sourceTree = "<group>"; };
		2D7799D51F468FCF000BDA12 /* SWForgetPwsViewController.xib */ = {isa = PBXFileReference; fileEncoding = 4; lastKnownFileType = file.xib; path = SWForgetPwsViewController.xib; sourceTree = "<group>"; };
		2DA208991F1F2C6000D318EC /* LiteraryHeaven.app */ = {isa = PBXFileReference; explicitFileType = wrapper.application; includeInIndex = 0; path = LiteraryHeaven.app; sourceTree = BUILT_PRODUCTS_DIR; };
		2DA208AD1F1F2C6000D318EC /* LiteraryHeavenTests.xctest */ = {isa = PBXFileReference; explicitFileType = wrapper.cfbundle; includeInIndex = 0; path = LiteraryHeavenTests.xctest; sourceTree = BUILT_PRODUCTS_DIR; };
		2DA208B11F1F2C6000D318EC /* LiteraryHeavenTests.swift */ = {isa = PBXFileReference; lastKnownFileType = sourcecode.swift; path = LiteraryHeavenTests.swift; sourceTree = "<group>"; };
		2DA208B31F1F2C6000D318EC /* Info.plist */ = {isa = PBXFileReference; lastKnownFileType = text.plist.xml; path = Info.plist; sourceTree = "<group>"; };
		2DA208B81F1F2C6000D318EC /* LiteraryHeavenUITests.xctest */ = {isa = PBXFileReference; explicitFileType = wrapper.cfbundle; includeInIndex = 0; path = LiteraryHeavenUITests.xctest; sourceTree = BUILT_PRODUCTS_DIR; };
		2DA208BC1F1F2C6000D318EC /* LiteraryHeavenUITests.swift */ = {isa = PBXFileReference; lastKnownFileType = sourcecode.swift; path = LiteraryHeavenUITests.swift; sourceTree = "<group>"; };
		2DA208BE1F1F2C6000D318EC /* Info.plist */ = {isa = PBXFileReference; lastKnownFileType = text.plist.xml; path = Info.plist; sourceTree = "<group>"; };
		919AC00370D1908C42C7D1BD /* Pods-LiteraryHeaven.release.xcconfig */ = {isa = PBXFileReference; includeInIndex = 1; lastKnownFileType = text.xcconfig; name = "Pods-LiteraryHeaven.release.xcconfig"; path = "Pods/Target Support Files/Pods-LiteraryHeaven/Pods-LiteraryHeaven.release.xcconfig"; sourceTree = "<group>"; };
		9BBD78DE27A1155C4AECBBF1 /* Pods_LiteraryHeaven.framework */ = {isa = PBXFileReference; explicitFileType = wrapper.framework; includeInIndex = 0; path = Pods_LiteraryHeaven.framework; sourceTree = BUILT_PRODUCTS_DIR; };
		D996D803DF3B0860BC008E8C /* Pods-LiteraryHeaven.debug.xcconfig */ = {isa = PBXFileReference; includeInIndex = 1; lastKnownFileType = text.xcconfig; name = "Pods-LiteraryHeaven.debug.xcconfig"; path = "Pods/Target Support Files/Pods-LiteraryHeaven/Pods-LiteraryHeaven.debug.xcconfig"; sourceTree = "<group>"; };
/* End PBXFileReference section */

/* Begin PBXFrameworksBuildPhase section */
		2DA208961F1F2C6000D318EC /* Frameworks */ = {
			isa = PBXFrameworksBuildPhase;
			buildActionMask = 2147483647;
			files = (
				89D2ACAB036B1B8F986B0CF7 /* Pods_LiteraryHeaven.framework in Frameworks */,
			);
			runOnlyForDeploymentPostprocessing = 0;
		};
		2DA208AA1F1F2C6000D318EC /* Frameworks */ = {
			isa = PBXFrameworksBuildPhase;
			buildActionMask = 2147483647;
			files = (
			);
			runOnlyForDeploymentPostprocessing = 0;
		};
		2DA208B51F1F2C6000D318EC /* Frameworks */ = {
			isa = PBXFrameworksBuildPhase;
			buildActionMask = 2147483647;
			files = (
			);
			runOnlyForDeploymentPostprocessing = 0;
		};
/* End PBXFrameworksBuildPhase section */

/* Begin PBXGroup section */
		2D2A1D881F72534600B065B7 /* ViewModel */ = {
			isa = PBXGroup;
			children = (
				2D2A1D891F72536400B065B7 /* SWMineViewModel.swift */,
			);
			path = ViewModel;
			sourceTree = "<group>";
		};
		2D2A1D9D1F7390DA00B065B7 /* Extention */ = {
			isa = PBXGroup;
			children = (
				2D2A1DA01F7390E300B065B7 /* NSString+SWExt.h */,
				2D2A1DA11F7390E300B065B7 /* NSString+SWExt.m */,
			);
			path = Extention;
			sourceTree = "<group>";
		};
		2D2A1D9E1F7390DA00B065B7 /* Resource */ = {
			isa = PBXGroup;
			children = (
			);
			path = Resource;
			sourceTree = "<group>";
		};
		2D2A1D9F1F7390DA00B065B7 /* Vendors */ = {
			isa = PBXGroup;
			children = (
			);
			path = Vendors;
			sourceTree = "<group>";
		};
		2D67DF741F31D3E50092DF47 /* Classes */ = {
			isa = PBXGroup;
			children = (
				2D2A1D9D1F7390DA00B065B7 /* Extention */,
				2D2A1D9E1F7390DA00B065B7 /* Resource */,
				2D2A1D9F1F7390DA00B065B7 /* Vendors */,
				2D67DF751F31D3E50092DF47 /* AppDelegate */,
				2D67DF891F31D3E50092DF47 /* HomePage */,
				2D67DF771F31D3E50092DF47 /* Channel */,
				2D67DF971F31D3E50092DF47 /* Mine */,
				2D67DF821F31D3E50092DF47 /* Genera */,
				2D67DF7F1F31D3E50092DF47 /* Config */,
				2D67DF931F31D3E50092DF47 /* Main */,
				2D67DFA01F31D3E50092DF47 /* Tools */,
			);
			path = Classes;
			sourceTree = "<group>";
		};
		2D67DF751F31D3E50092DF47 /* AppDelegate */ = {
			isa = PBXGroup;
			children = (
				2D67DF761F31D3E50092DF47 /* AppDelegate.swift */,
			);
			path = AppDelegate;
			sourceTree = "<group>";
		};
		2D67DF771F31D3E50092DF47 /* Channel */ = {
			isa = PBXGroup;
			children = (
				2D67DFB91F32C4220092DF47 /* ViewModel */,
				2D67DF781F31D3E50092DF47 /* Controller */,
				2D67DF7A1F31D3E50092DF47 /* Model */,
				2D67DF7C1F31D3E50092DF47 /* View */,
			);
			path = Channel;
			sourceTree = "<group>";
		};
		2D67DF781F31D3E50092DF47 /* Controller */ = {
			isa = PBXGroup;
			children = (
				2D67DF791F31D3E50092DF47 /* SWChannelController.swift */,
			);
			path = Controller;
			sourceTree = "<group>";
		};
		2D67DF7A1F31D3E50092DF47 /* Model */ = {
			isa = PBXGroup;
			children = (
				2D67DF7B1F31D3E50092DF47 /* SWSlideMenuModel.swift */,
			);
			path = Model;
			sourceTree = "<group>";
		};
		2D67DF7C1F31D3E50092DF47 /* View */ = {
			isa = PBXGroup;
			children = (
				2D67DF7D1F31D3E50092DF47 /* SWSlideMenuView.swift */,
			);
			path = View;
			sourceTree = "<group>";
		};
		2D67DF7F1F31D3E50092DF47 /* Config */ = {
			isa = PBXGroup;
			children = (
				2D67DF801F31D3E50092DF47 /* SWConfig.swift */,
			);
			path = Config;
			sourceTree = "<group>";
		};
		2D67DF821F31D3E50092DF47 /* Genera */ = {
			isa = PBXGroup;
			children = (
				2D67DF831F31D3E50092DF47 /* Controller */,
				2D67DF851F31D3E50092DF47 /* Model */,
				2D67DF871F31D3E50092DF47 /* View */,
			);
			path = Genera;
			sourceTree = "<group>";
		};
		2D67DF831F31D3E50092DF47 /* Controller */ = {
			isa = PBXGroup;
			children = (
				2D67DF841F31D3E50092DF47 /* SWBaseSettingController.swift */,
			);
			path = Controller;
			sourceTree = "<group>";
		};
		2D67DF851F31D3E50092DF47 /* Model */ = {
			isa = PBXGroup;
			children = (
				2D67DF861F31D3E50092DF47 /* SWBaseSettingModel.swift */,
			);
			path = Model;
			sourceTree = "<group>";
		};
		2D67DF871F31D3E50092DF47 /* View */ = {
			isa = PBXGroup;
			children = (
				2D67DF881F31D3E50092DF47 /* SWBaseSettingCell.swift */,
			);
			path = View;
			sourceTree = "<group>";
		};
		2D67DF891F31D3E50092DF47 /* HomePage */ = {
			isa = PBXGroup;
			children = (
				2D67DF8A1F31D3E50092DF47 /* Controller */,
				2D67DF8C1F31D3E50092DF47 /* Model */,
				2D67DF8E1F31D3E50092DF47 /* View */,
				2D67DF911F31D3E50092DF47 /* ViewModel */,
			);
			path = HomePage;
			sourceTree = "<group>";
		};
		2D67DF8A1F31D3E50092DF47 /* Controller */ = {
			isa = PBXGroup;
			children = (
				2D67DF8B1F31D3E50092DF47 /* SWHomePageController.swift */,
			);
			path = Controller;
			sourceTree = "<group>";
		};
		2D67DF8C1F31D3E50092DF47 /* Model */ = {
			isa = PBXGroup;
			children = (
				2D67DF8D1F31D3E50092DF47 /* SWArticleModel.swift */,
			);
			path = Model;
			sourceTree = "<group>";
		};
		2D67DF8E1F31D3E50092DF47 /* View */ = {
			isa = PBXGroup;
			children = (
				2D67DF8F1F31D3E50092DF47 /* SWAdveSlideView.swift */,
				2D67DF901F31D3E50092DF47 /* SWHomePageCell.swift */,
			);
			path = View;
			sourceTree = "<group>";
		};
		2D67DF911F31D3E50092DF47 /* ViewModel */ = {
			isa = PBXGroup;
			children = (
				2D67DF921F31D3E50092DF47 /* SWHomePageViewModel.swift */,
			);
			path = ViewModel;
			sourceTree = "<group>";
		};
		2D67DF931F31D3E50092DF47 /* Main */ = {
			isa = PBXGroup;
			children = (
				2D67DF941F31D3E50092DF47 /* LiteraryHeaven-Bridging-Header.h */,
				2D67DF951F31D3E50092DF47 /* SWNavigationController.swift */,
				2D67DF961F31D3E50092DF47 /* SWTabBarController.swift */,
			);
			path = Main;
			sourceTree = "<group>";
		};
		2D67DF971F31D3E50092DF47 /* Mine */ = {
			isa = PBXGroup;
			children = (
				2D2A1D881F72534600B065B7 /* ViewModel */,
				2D67DF981F31D3E50092DF47 /* Controller */,
				2D67DF9B1F31D3E50092DF47 /* Model */,
				2D67DF9D1F31D3E50092DF47 /* View */,
			);
			path = Mine;
			sourceTree = "<group>";
		};
		2D67DF981F31D3E50092DF47 /* Controller */ = {
			isa = PBXGroup;
			children = (
				2D67DF991F31D3E50092DF47 /* SWMineViewController.swift */,
				2D67DF9A1F31D3E50092DF47 /* SWUserSetingController.swift */,
				2D7799C21F4590D7000BDA12 /* SWLoginViewController.swift */,
				2D7799C31F4590D7000BDA12 /* SWLoginViewController.xib */,
				2D7799D01F467A9D000BDA12 /* SWRegisterViewController.swift */,
				2D7799D11F467A9D000BDA12 /* SWRegisterViewController.xib */,
				2D7799D41F468FCF000BDA12 /* SWForgetPwsViewController.swift */,
				2D7799D51F468FCF000BDA12 /* SWForgetPwsViewController.xib */,
			);
			path = Controller;
			sourceTree = "<group>";
		};
		2D67DF9B1F31D3E50092DF47 /* Model */ = {
			isa = PBXGroup;
			children = (
				2D67DF9C1F31D3E50092DF47 /* SWUserInfoModel.swift */,
			);
			path = Model;
			sourceTree = "<group>";
		};
		2D67DF9D1F31D3E50092DF47 /* View */ = {
			isa = PBXGroup;
			children = (
				2D67DF9E1F31D3E50092DF47 /* SWMineHeaderVIew.swift */,
			);
			path = View;
			sourceTree = "<group>";
		};
		2D67DFA01F31D3E50092DF47 /* Tools */ = {
			isa = PBXGroup;
			children = (
				2D67DFA11F31D3E50092DF47 /* SWNetRequest.swift */,
			);
			path = Tools;
			sourceTree = "<group>";
		};
		2D67DFB91F32C4220092DF47 /* ViewModel */ = {
			isa = PBXGroup;
			children = (
				2D67DFBA1F32C44C0092DF47 /* SWChannelViewModel.swift */,
			);
			path = ViewModel;
			sourceTree = "<group>";
		};
		2DA208901F1F2C6000D318EC = {
			isa = PBXGroup;
			children = (
				2DA2089B1F1F2C6000D318EC /* LiteraryHeaven */,
				2DA208B01F1F2C6000D318EC /* LiteraryHeavenTests */,
				2DA208BB1F1F2C6000D318EC /* LiteraryHeavenUITests */,
				2DA2089A1F1F2C6000D318EC /* Products */,
				D6B51877D6BE1B6557F1FD55 /* Pods */,
				F158197B8020A50ED6C9518A /* Frameworks */,
			);
			sourceTree = "<group>";
		};
		2DA2089A1F1F2C6000D318EC /* Products */ = {
			isa = PBXGroup;
			children = (
				2DA208991F1F2C6000D318EC /* LiteraryHeaven.app */,
				2DA208AD1F1F2C6000D318EC /* LiteraryHeavenTests.xctest */,
				2DA208B81F1F2C6000D318EC /* LiteraryHeavenUITests.xctest */,
			);
			name = Products;
			sourceTree = "<group>";
		};
		2DA2089B1F1F2C6000D318EC /* LiteraryHeaven */ = {
			isa = PBXGroup;
			children = (
				2D67DF741F31D3E50092DF47 /* Classes */,
				2DA208E91F1F320100D318EC /* SuportFiles */,
			);
			path = LiteraryHeaven;
			sourceTree = "<group>";
		};
		2DA208B01F1F2C6000D318EC /* LiteraryHeavenTests */ = {
			isa = PBXGroup;
			children = (
				2DA208B11F1F2C6000D318EC /* LiteraryHeavenTests.swift */,
				2DA208B31F1F2C6000D318EC /* Info.plist */,
			);
			path = LiteraryHeavenTests;
			sourceTree = "<group>";
		};
		2DA208BB1F1F2C6000D318EC /* LiteraryHeavenUITests */ = {
			isa = PBXGroup;
			children = (
				2DA208BC1F1F2C6000D318EC /* LiteraryHeavenUITests.swift */,
				2DA208BE1F1F2C6000D318EC /* Info.plist */,
			);
			path = LiteraryHeavenUITests;
			sourceTree = "<group>";
		};
		2DA208E91F1F320100D318EC /* SuportFiles */ = {
			isa = PBXGroup;
			children = (
				2D7799CE1F459254000BDA12 /* Info.plist */,
				2D7799C81F45924B000BDA12 /* LaunchScreen.storyboard */,
				2D7799CA1F45924B000BDA12 /* Main.storyboard */,
				2D7799C61F45922F000BDA12 /* Assets.xcassets */,
			);
			name = SuportFiles;
			path = Classes/SuportFiles;
			sourceTree = "<group>";
		};
		D6B51877D6BE1B6557F1FD55 /* Pods */ = {
			isa = PBXGroup;
			children = (
				D996D803DF3B0860BC008E8C /* Pods-LiteraryHeaven.debug.xcconfig */,
				919AC00370D1908C42C7D1BD /* Pods-LiteraryHeaven.release.xcconfig */,
			);
			name = Pods;
			sourceTree = "<group>";
		};
		F158197B8020A50ED6C9518A /* Frameworks */ = {
			isa = PBXGroup;
			children = (
				9BBD78DE27A1155C4AECBBF1 /* Pods_LiteraryHeaven.framework */,
			);
			name = Frameworks;
			sourceTree = "<group>";
		};
/* End PBXGroup section */

/* Begin PBXNativeTarget section */
		2DA208981F1F2C6000D318EC /* LiteraryHeaven */ = {
			isa = PBXNativeTarget;
			buildConfigurationList = 2DA208C11F1F2C6000D318EC /* Build configuration list for PBXNativeTarget "LiteraryHeaven" */;
			buildPhases = (
				2F483FF2B66B3BE7593121FC /* [CP] Check Pods Manifest.lock */,
				2DA208951F1F2C6000D318EC /* Sources */,
				2DA208961F1F2C6000D318EC /* Frameworks */,
				2DA208971F1F2C6000D318EC /* Resources */,
				10EC063F50BF76024CEED27E /* [CP] Embed Pods Frameworks */,
				901B46D8AC1EF83A523ACDF0 /* [CP] Copy Pods Resources */,
			);
			buildRules = (
			);
			dependencies = (
			);
			name = LiteraryHeaven;
			productName = LiteraryHeaven;
			productReference = 2DA208991F1F2C6000D318EC /* LiteraryHeaven.app */;
			productType = "com.apple.product-type.application";
		};
		2DA208AC1F1F2C6000D318EC /* LiteraryHeavenTests */ = {
			isa = PBXNativeTarget;
			buildConfigurationList = 2DA208C41F1F2C6000D318EC /* Build configuration list for PBXNativeTarget "LiteraryHeavenTests" */;
			buildPhases = (
				2DA208A91F1F2C6000D318EC /* Sources */,
				2DA208AA1F1F2C6000D318EC /* Frameworks */,
				2DA208AB1F1F2C6000D318EC /* Resources */,
			);
			buildRules = (
			);
			dependencies = (
				2DA208AF1F1F2C6000D318EC /* PBXTargetDependency */,
			);
			name = LiteraryHeavenTests;
			productName = LiteraryHeavenTests;
			productReference = 2DA208AD1F1F2C6000D318EC /* LiteraryHeavenTests.xctest */;
			productType = "com.apple.product-type.bundle.unit-test";
		};
		2DA208B71F1F2C6000D318EC /* LiteraryHeavenUITests */ = {
			isa = PBXNativeTarget;
			buildConfigurationList = 2DA208C71F1F2C6000D318EC /* Build configuration list for PBXNativeTarget "LiteraryHeavenUITests" */;
			buildPhases = (
				2DA208B41F1F2C6000D318EC /* Sources */,
				2DA208B51F1F2C6000D318EC /* Frameworks */,
				2DA208B61F1F2C6000D318EC /* Resources */,
			);
			buildRules = (
			);
			dependencies = (
				2DA208BA1F1F2C6000D318EC /* PBXTargetDependency */,
			);
			name = LiteraryHeavenUITests;
			productName = LiteraryHeavenUITests;
			productReference = 2DA208B81F1F2C6000D318EC /* LiteraryHeavenUITests.xctest */;
			productType = "com.apple.product-type.bundle.ui-testing";
		};
/* End PBXNativeTarget section */

/* Begin PBXProject section */
		2DA208911F1F2C6000D318EC /* Project object */ = {
			isa = PBXProject;
			attributes = {
				CLASSPREFIX = SW;
				LastSwiftUpdateCheck = 0830;
				LastUpgradeCheck = 0830;
				ORGANIZATIONNAME = ONON;
				TargetAttributes = {
					2DA208981F1F2C6000D318EC = {
						CreatedOnToolsVersion = 8.3.2;
						DevelopmentTeam = VGY8K73G67;
						LastSwiftMigration = 0830;
						ProvisioningStyle = Automatic;
					};
					2DA208AC1F1F2C6000D318EC = {
						CreatedOnToolsVersion = 8.3.2;
						DevelopmentTeam = VGY8K73G67;
						LastSwiftMigration = 0830;
						ProvisioningStyle = Automatic;
						TestTargetID = 2DA208981F1F2C6000D318EC;
					};
					2DA208B71F1F2C6000D318EC = {
						CreatedOnToolsVersion = 8.3.2;
						DevelopmentTeam = VGY8K73G67;
						LastSwiftMigration = 0830;
						ProvisioningStyle = Automatic;
						TestTargetID = 2DA208981F1F2C6000D318EC;
					};
				};
			};
			buildConfigurationList = 2DA208941F1F2C6000D318EC /* Build configuration list for PBXProject "LiteraryHeaven" */;
			compatibilityVersion = "Xcode 3.2";
			developmentRegion = English;
			hasScannedForEncodings = 0;
			knownRegions = (
				en,
				Base,
			);
			mainGroup = 2DA208901F1F2C6000D318EC;
			productRefGroup = 2DA2089A1F1F2C6000D318EC /* Products */;
			projectDirPath = "";
			projectRoot = "";
			targets = (
				2DA208981F1F2C6000D318EC /* LiteraryHeaven */,
				2DA208AC1F1F2C6000D318EC /* LiteraryHeavenTests */,
				2DA208B71F1F2C6000D318EC /* LiteraryHeavenUITests */,
			);
		};
/* End PBXProject section */

/* Begin PBXResourcesBuildPhase section */
		2DA208971F1F2C6000D318EC /* Resources */ = {
			isa = PBXResourcesBuildPhase;
			buildActionMask = 2147483647;
			files = (
				2D7799CC1F45924B000BDA12 /* LaunchScreen.storyboard in Resources */,
				2D7799D71F468FCF000BDA12 /* SWForgetPwsViewController.xib in Resources */,
				2D7799C51F4590D7000BDA12 /* SWLoginViewController.xib in Resources */,
				2D7799C71F45922F000BDA12 /* Assets.xcassets in Resources */,
				2D7799CF1F459254000BDA12 /* Info.plist in Resources */,
				2D7799CD1F45924B000BDA12 /* Main.storyboard in Resources */,
				2D7799D31F467A9D000BDA12 /* SWRegisterViewController.xib in Resources */,
			);
			runOnlyForDeploymentPostprocessing = 0;
		};
		2DA208AB1F1F2C6000D318EC /* Resources */ = {
			isa = PBXResourcesBuildPhase;
			buildActionMask = 2147483647;
			files = (
			);
			runOnlyForDeploymentPostprocessing = 0;
		};
		2DA208B61F1F2C6000D318EC /* Resources */ = {
			isa = PBXResourcesBuildPhase;
			buildActionMask = 2147483647;
			files = (
			);
			runOnlyForDeploymentPostprocessing = 0;
		};
/* End PBXResourcesBuildPhase section */

/* Begin PBXShellScriptBuildPhase section */
		10EC063F50BF76024CEED27E /* [CP] Embed Pods Frameworks */ = {
			isa = PBXShellScriptBuildPhase;
			buildActionMask = 2147483647;
			files = (
			);
			inputPaths = (
				"${SRCROOT}/Pods/Target Support Files/Pods-LiteraryHeaven/Pods-LiteraryHeaven-frameworks.sh",
				"${BUILT_PRODUCTS_DIR}/Alamofire/Alamofire.framework",
				"${BUILT_PRODUCTS_DIR}/Kingfisher/Kingfisher.framework",
				"${BUILT_PRODUCTS_DIR}/RxCocoa/RxCocoa.framework",
				"${BUILT_PRODUCTS_DIR}/RxSwift/RxSwift.framework",
				"${BUILT_PRODUCTS_DIR}/SVProgressHUD/SVProgressHUD.framework",
				"${BUILT_PRODUCTS_DIR}/SnapKit/SnapKit.framework",
				"${BUILT_PRODUCTS_DIR}/SwiftyJSON/SwiftyJSON.framework",
			);
			name = "[CP] Embed Pods Frameworks";
			outputPaths = (
				"${TARGET_BUILD_DIR}/${FRAMEWORKS_FOLDER_PATH}/Alamofire.framework",
				"${TARGET_BUILD_DIR}/${FRAMEWORKS_FOLDER_PATH}/Kingfisher.framework",
				"${TARGET_BUILD_DIR}/${FRAMEWORKS_FOLDER_PATH}/RxCocoa.framework",
				"${TARGET_BUILD_DIR}/${FRAMEWORKS_FOLDER_PATH}/RxSwift.framework",
				"${TARGET_BUILD_DIR}/${FRAMEWORKS_FOLDER_PATH}/SVProgressHUD.framework",
				"${TARGET_BUILD_DIR}/${FRAMEWORKS_FOLDER_PATH}/SnapKit.framework",
				"${TARGET_BUILD_DIR}/${FRAMEWORKS_FOLDER_PATH}/SwiftyJSON.framework",
			);
			runOnlyForDeploymentPostprocessing = 0;
			shellPath = /bin/sh;
			shellScript = "\"${SRCROOT}/Pods/Target Support Files/Pods-LiteraryHeaven/Pods-LiteraryHeaven-frameworks.sh\"\n";
			showEnvVarsInLog = 0;
		};
		2F483FF2B66B3BE7593121FC /* [CP] Check Pods Manifest.lock */ = {
			isa = PBXShellScriptBuildPhase;
			buildActionMask = 2147483647;
			files = (
			);
			inputPaths = (
				"${PODS_PODFILE_DIR_PATH}/Podfile.lock",
				"${PODS_ROOT}/Manifest.lock",
			);
			name = "[CP] Check Pods Manifest.lock";
			outputPaths = (
				"$(DERIVED_FILE_DIR)/Pods-LiteraryHeaven-checkManifestLockResult.txt",
			);
			runOnlyForDeploymentPostprocessing = 0;
			shellPath = /bin/sh;
			shellScript = "diff \"${PODS_PODFILE_DIR_PATH}/Podfile.lock\" \"${PODS_ROOT}/Manifest.lock\" > /dev/null\nif [ $? != 0 ] ; then\n    # print error to STDERR\n    echo \"error: The sandbox is not in sync with the Podfile.lock. Run 'pod install' or update your CocoaPods installation.\" >&2\n    exit 1\nfi\n# This output is used by Xcode 'outputs' to avoid re-running this script phase.\necho \"SUCCESS\" > \"${SCRIPT_OUTPUT_FILE_0}\"\n";
			showEnvVarsInLog = 0;
		};
		901B46D8AC1EF83A523ACDF0 /* [CP] Copy Pods Resources */ = {
			isa = PBXShellScriptBuildPhase;
			buildActionMask = 2147483647;
			files = (
			);
			inputPaths = (
			);
			name = "[CP] Copy Pods Resources";
			outputPaths = (
			);
			runOnlyForDeploymentPostprocessing = 0;
			shellPath = /bin/sh;
			shellScript = "\"${SRCROOT}/Pods/Target Support Files/Pods-LiteraryHeaven/Pods-LiteraryHeaven-resources.sh\"\n";
			showEnvVarsInLog = 0;
		};
/* End PBXShellScriptBuildPhase section */

/* Begin PBXSourcesBuildPhase section */
		2DA208951F1F2C6000D318EC /* Sources */ = {
			isa = PBXSourcesBuildPhase;
			buildActionMask = 2147483647;
			files = (
				2D67DFB51F31D3E50092DF47 /* SWUserInfoModel.swift in Sources */,
				2D67DFB11F31D3E50092DF47 /* SWNavigationController.swift in Sources */,
				2D2A1D8A1F72536400B065B7 /* SWMineViewModel.swift in Sources */,
				2D67DFA31F31D3E50092DF47 /* AppDelegate.swift in Sources */,
				2D67DFAE1F31D3E50092DF47 /* SWAdveSlideView.swift in Sources */,
				2D67DFAB1F31D3E50092DF47 /* SWBaseSettingCell.swift in Sources */,
				2D7799D21F467A9D000BDA12 /* SWRegisterViewController.swift in Sources */,
				2D67DFB71F31D3E50092DF47 /* SWNetRequest.swift in Sources */,
				2D67DFA51F31D3E50092DF47 /* SWSlideMenuModel.swift in Sources */,
				2D67DFB41F31D3E50092DF47 /* SWUserSetingController.swift in Sources */,
				2D67DFA81F31D3E50092DF47 /* SWConfig.swift in Sources */,
				2D67DFAF1F31D3E50092DF47 /* SWHomePageCell.swift in Sources */,
				2D67DFAD1F31D3E50092DF47 /* SWArticleModel.swift in Sources */,
				2D2A1DA21F7390E300B065B7 /* NSString+SWExt.m in Sources */,
				2D7799D61F468FCF000BDA12 /* SWForgetPwsViewController.swift in Sources */,
				2D67DFB01F31D3E50092DF47 /* SWHomePageViewModel.swift in Sources */,
				2D67DFB61F31D3E50092DF47 /* SWMineHeaderVIew.swift in Sources */,
				2D67DFB31F31D3E50092DF47 /* SWMineViewController.swift in Sources */,
				2D67DFA41F31D3E50092DF47 /* SWChannelController.swift in Sources */,
				2D67DFA61F31D3E50092DF47 /* SWSlideMenuView.swift in Sources */,
				2D67DFBB1F32C44C0092DF47 /* SWChannelViewModel.swift in Sources */,
				2D67DFAC1F31D3E50092DF47 /* SWHomePageController.swift in Sources */,
				2D67DFB21F31D3E50092DF47 /* SWTabBarController.swift in Sources */,
				2D67DFA91F31D3E50092DF47 /* SWBaseSettingController.swift in Sources */,
				2D7799C41F4590D7000BDA12 /* SWLoginViewController.swift in Sources */,
				2D67DFAA1F31D3E50092DF47 /* SWBaseSettingModel.swift in Sources */,
			);
			runOnlyForDeploymentPostprocessing = 0;
		};
		2DA208A91F1F2C6000D318EC /* Sources */ = {
			isa = PBXSourcesBuildPhase;
			buildActionMask = 2147483647;
			files = (
				2DA208B21F1F2C6000D318EC /* LiteraryHeavenTests.swift in Sources */,
			);
			runOnlyForDeploymentPostprocessing = 0;
		};
		2DA208B41F1F2C6000D318EC /* Sources */ = {
			isa = PBXSourcesBuildPhase;
			buildActionMask = 2147483647;
			files = (
				2DA208BD1F1F2C6000D318EC /* LiteraryHeavenUITests.swift in Sources */,
			);
			runOnlyForDeploymentPostprocessing = 0;
		};
/* End PBXSourcesBuildPhase section */

/* Begin PBXTargetDependency section */
		2DA208AF1F1F2C6000D318EC /* PBXTargetDependency */ = {
			isa = PBXTargetDependency;
			target = 2DA208981F1F2C6000D318EC /* LiteraryHeaven */;
			targetProxy = 2DA208AE1F1F2C6000D318EC /* PBXContainerItemProxy */;
		};
		2DA208BA1F1F2C6000D318EC /* PBXTargetDependency */ = {
			isa = PBXTargetDependency;
			target = 2DA208981F1F2C6000D318EC /* LiteraryHeaven */;
			targetProxy = 2DA208B91F1F2C6000D318EC /* PBXContainerItemProxy */;
		};
/* End PBXTargetDependency section */

/* Begin PBXVariantGroup section */
		2D7799C81F45924B000BDA12 /* LaunchScreen.storyboard */ = {
			isa = PBXVariantGroup;
			children = (
				2D7799C91F45924B000BDA12 /* Base */,
			);
			name = LaunchScreen.storyboard;
			sourceTree = "<group>";
		};
		2D7799CA1F45924B000BDA12 /* Main.storyboard */ = {
			isa = PBXVariantGroup;
			children = (
				2D7799CB1F45924B000BDA12 /* Base */,
			);
			name = Main.storyboard;
			sourceTree = "<group>";
		};
/* End PBXVariantGroup section */

/* Begin XCBuildConfiguration section */
		2DA208BF1F1F2C6000D318EC /* Debug */ = {
			isa = XCBuildConfiguration;
			buildSettings = {
				ALWAYS_SEARCH_USER_PATHS = NO;
				CLANG_ANALYZER_NONNULL = YES;
				CLANG_ANALYZER_NUMBER_OBJECT_CONVERSION = YES_AGGRESSIVE;
				CLANG_CXX_LANGUAGE_STANDARD = "gnu++0x";
				CLANG_CXX_LIBRARY = "libc++";
				CLANG_ENABLE_MODULES = YES;
				CLANG_ENABLE_OBJC_ARC = YES;
				CLANG_WARN_BOOL_CONVERSION = YES;
				CLANG_WARN_CONSTANT_CONVERSION = YES;
				CLANG_WARN_DIRECT_OBJC_ISA_USAGE = YES_ERROR;
				CLANG_WARN_DOCUMENTATION_COMMENTS = YES;
				CLANG_WARN_EMPTY_BODY = YES;
				CLANG_WARN_ENUM_CONVERSION = YES;
				CLANG_WARN_INFINITE_RECURSION = YES;
				CLANG_WARN_INT_CONVERSION = YES;
				CLANG_WARN_OBJC_ROOT_CLASS = YES_ERROR;
				CLANG_WARN_SUSPICIOUS_MOVE = YES;
				CLANG_WARN_UNREACHABLE_CODE = YES;
				CLANG_WARN__DUPLICATE_METHOD_MATCH = YES;
				"CODE_SIGN_IDENTITY[sdk=iphoneos*]" = "iPhone Developer";
				COPY_PHASE_STRIP = NO;
				DEBUG_INFORMATION_FORMAT = dwarf;
				ENABLE_STRICT_OBJC_MSGSEND = YES;
				ENABLE_TESTABILITY = YES;
				GCC_C_LANGUAGE_STANDARD = gnu99;
				GCC_DYNAMIC_NO_PIC = NO;
				GCC_NO_COMMON_BLOCKS = YES;
				GCC_OPTIMIZATION_LEVEL = 0;
				GCC_PREPROCESSOR_DEFINITIONS = (
					"DEBUG=1",
					"$(inherited)",
				);
				GCC_WARN_64_TO_32_BIT_CONVERSION = YES;
				GCC_WARN_ABOUT_RETURN_TYPE = YES_ERROR;
				GCC_WARN_UNDECLARED_SELECTOR = YES;
				GCC_WARN_UNINITIALIZED_AUTOS = YES_AGGRESSIVE;
				GCC_WARN_UNUSED_FUNCTION = YES;
				GCC_WARN_UNUSED_VARIABLE = YES;
				IPHONEOS_DEPLOYMENT_TARGET = 10.3;
				MTL_ENABLE_DEBUG_INFO = YES;
				ONLY_ACTIVE_ARCH = YES;
				SDKROOT = iphoneos;
				SWIFT_ACTIVE_COMPILATION_CONDITIONS = DEBUG;
				SWIFT_OPTIMIZATION_LEVEL = "-Onone";
			};
			name = Debug;
		};
		2DA208C01F1F2C6000D318EC /* Release */ = {
			isa = XCBuildConfiguration;
			buildSettings = {
				ALWAYS_SEARCH_USER_PATHS = NO;
				CLANG_ANALYZER_NONNULL = YES;
				CLANG_ANALYZER_NUMBER_OBJECT_CONVERSION = YES_AGGRESSIVE;
				CLANG_CXX_LANGUAGE_STANDARD = "gnu++0x";
				CLANG_CXX_LIBRARY = "libc++";
				CLANG_ENABLE_MODULES = YES;
				CLANG_ENABLE_OBJC_ARC = YES;
				CLANG_WARN_BOOL_CONVERSION = YES;
				CLANG_WARN_CONSTANT_CONVERSION = YES;
				CLANG_WARN_DIRECT_OBJC_ISA_USAGE = YES_ERROR;
				CLANG_WARN_DOCUMENTATION_COMMENTS = YES;
				CLANG_WARN_EMPTY_BODY = YES;
				CLANG_WARN_ENUM_CONVERSION = YES;
				CLANG_WARN_INFINITE_RECURSION = YES;
				CLANG_WARN_INT_CONVERSION = YES;
				CLANG_WARN_OBJC_ROOT_CLASS = YES_ERROR;
				CLANG_WARN_SUSPICIOUS_MOVE = YES;
				CLANG_WARN_UNREACHABLE_CODE = YES;
				CLANG_WARN__DUPLICATE_METHOD_MATCH = YES;
				"CODE_SIGN_IDENTITY[sdk=iphoneos*]" = "iPhone Developer";
				COPY_PHASE_STRIP = NO;
				DEBUG_INFORMATION_FORMAT = "dwarf-with-dsym";
				ENABLE_NS_ASSERTIONS = NO;
				ENABLE_STRICT_OBJC_MSGSEND = YES;
				GCC_C_LANGUAGE_STANDARD = gnu99;
				GCC_NO_COMMON_BLOCKS = YES;
				GCC_WARN_64_TO_32_BIT_CONVERSION = YES;
				GCC_WARN_ABOUT_RETURN_TYPE = YES_ERROR;
				GCC_WARN_UNDECLARED_SELECTOR = YES;
				GCC_WARN_UNINITIALIZED_AUTOS = YES_AGGRESSIVE;
				GCC_WARN_UNUSED_FUNCTION = YES;
				GCC_WARN_UNUSED_VARIABLE = YES;
				IPHONEOS_DEPLOYMENT_TARGET = 10.3;
				MTL_ENABLE_DEBUG_INFO = NO;
				SDKROOT = iphoneos;
				SWIFT_OPTIMIZATION_LEVEL = "-Owholemodule";
				VALIDATE_PRODUCT = YES;
			};
			name = Release;
		};
		2DA208C21F1F2C6000D318EC /* Debug */ = {
			isa = XCBuildConfiguration;
			baseConfigurationReference = D996D803DF3B0860BC008E8C /* Pods-LiteraryHeaven.debug.xcconfig */;
			buildSettings = {
				ASSETCATALOG_COMPILER_APPICON_NAME = AppIcon;
				ASSETCATALOG_COMPILER_LAUNCHIMAGE_NAME = LaunchImage;
				DEVELOPMENT_TEAM = VGY8K73G67;
				INFOPLIST_FILE = LiteraryHeaven/Info.plist;
				LD_RUNPATH_SEARCH_PATHS = "$(inherited) @executable_path/Frameworks";
				PRODUCT_BUNDLE_IDENTIFIER = news.onon.LiteraryHeaven;
				PRODUCT_NAME = "$(TARGET_NAME)";
				SWIFT_OBJC_BRIDGING_HEADER = "LiteraryHeaven/Classes/Main/LiteraryHeaven-Bridging-Header.h";
				SWIFT_VERSION = 3.0;
			};
			name = Debug;
		};
		2DA208C31F1F2C6000D318EC /* Release */ = {
			isa = XCBuildConfiguration;
			baseConfigurationReference = 919AC00370D1908C42C7D1BD /* Pods-LiteraryHeaven.release.xcconfig */;
			buildSettings = {
				ASSETCATALOG_COMPILER_APPICON_NAME = AppIcon;
				ASSETCATALOG_COMPILER_LAUNCHIMAGE_NAME = LaunchImage;
				DEVELOPMENT_TEAM = VGY8K73G67;
				INFOPLIST_FILE = LiteraryHeaven/Info.plist;
				LD_RUNPATH_SEARCH_PATHS = "$(inherited) @executable_path/Frameworks";
				PRODUCT_BUNDLE_IDENTIFIER = news.onon.LiteraryHeaven;
				PRODUCT_NAME = "$(TARGET_NAME)";
				SWIFT_OBJC_BRIDGING_HEADER = "LiteraryHeaven/Classes/Main/LiteraryHeaven-Bridging-Header.h";
				SWIFT_VERSION = 3.0;
			};
			name = Release;
		};
		2DA208C51F1F2C6000D318EC /* Debug */ = {
			isa = XCBuildConfiguration;
			buildSettings = {
				ALWAYS_EMBED_SWIFT_STANDARD_LIBRARIES = YES;
				BUNDLE_LOADER = "$(TEST_HOST)";
				DEVELOPMENT_TEAM = VGY8K73G67;
				INFOPLIST_FILE = LiteraryHeavenTests/Info.plist;
				LD_RUNPATH_SEARCH_PATHS = "$(inherited) @executable_path/Frameworks @loader_path/Frameworks";
				PRODUCT_BUNDLE_IDENTIFIER = news.onon.LiteraryHeavenTests;
				PRODUCT_NAME = "$(TARGET_NAME)";
				SWIFT_VERSION = 3.0;
				TEST_HOST = "$(BUILT_PRODUCTS_DIR)/LiteraryHeaven.app/LiteraryHeaven";
			};
			name = Debug;
		};
		2DA208C61F1F2C6000D318EC /* Release */ = {
			isa = XCBuildConfiguration;
			buildSettings = {
				ALWAYS_EMBED_SWIFT_STANDARD_LIBRARIES = YES;
				BUNDLE_LOADER = "$(TEST_HOST)";
				DEVELOPMENT_TEAM = VGY8K73G67;
				INFOPLIST_FILE = LiteraryHeavenTests/Info.plist;
				LD_RUNPATH_SEARCH_PATHS = "$(inherited) @executable_path/Frameworks @loader_path/Frameworks";
				PRODUCT_BUNDLE_IDENTIFIER = news.onon.LiteraryHeavenTests;
				PRODUCT_NAME = "$(TARGET_NAME)";
				SWIFT_VERSION = 3.0;
				TEST_HOST = "$(BUILT_PRODUCTS_DIR)/LiteraryHeaven.app/LiteraryHeaven";
			};
			name = Release;
		};
		2DA208C81F1F2C6000D318EC /* Debug */ = {
			isa = XCBuildConfiguration;
			buildSettings = {
				ALWAYS_EMBED_SWIFT_STANDARD_LIBRARIES = YES;
				DEVELOPMENT_TEAM = VGY8K73G67;
				INFOPLIST_FILE = LiteraryHeavenUITests/Info.plist;
				LD_RUNPATH_SEARCH_PATHS = "$(inherited) @executable_path/Frameworks @loader_path/Frameworks";
				PRODUCT_BUNDLE_IDENTIFIER = news.onon.LiteraryHeavenUITests;
				PRODUCT_NAME = "$(TARGET_NAME)";
				SWIFT_VERSION = 3.0;
				TEST_TARGET_NAME = LiteraryHeaven;
			};
			name = Debug;
		};
		2DA208C91F1F2C6000D318EC /* Release */ = {
			isa = XCBuildConfiguration;
			buildSettings = {
				ALWAYS_EMBED_SWIFT_STANDARD_LIBRARIES = YES;
				DEVELOPMENT_TEAM = VGY8K73G67;
				INFOPLIST_FILE = LiteraryHeavenUITests/Info.plist;
				LD_RUNPATH_SEARCH_PATHS = "$(inherited) @executable_path/Frameworks @loader_path/Frameworks";
				PRODUCT_BUNDLE_IDENTIFIER = news.onon.LiteraryHeavenUITests;
				PRODUCT_NAME = "$(TARGET_NAME)";
				SWIFT_VERSION = 3.0;
				TEST_TARGET_NAME = LiteraryHeaven;
			};
			name = Release;
		};
/* End XCBuildConfiguration section */

/* Begin XCConfigurationList section */
		2DA208941F1F2C6000D318EC /* Build configuration list for PBXProject "LiteraryHeaven" */ = {
			isa = XCConfigurationList;
			buildConfigurations = (
				2DA208BF1F1F2C6000D318EC /* Debug */,
				2DA208C01F1F2C6000D318EC /* Release */,
			);
			defaultConfigurationIsVisible = 0;
			defaultConfigurationName = Release;
		};
		2DA208C11F1F2C6000D318EC /* Build configuration list for PBXNativeTarget "LiteraryHeaven" */ = {
			isa = XCConfigurationList;
			buildConfigurations = (
				2DA208C21F1F2C6000D318EC /* Debug */,
				2DA208C31F1F2C6000D318EC /* Release */,
			);
			defaultConfigurationIsVisible = 0;
			defaultConfigurationName = Release;
		};
		2DA208C41F1F2C6000D318EC /* Build configuration list for PBXNativeTarget "LiteraryHeavenTests" */ = {
			isa = XCConfigurationList;
			buildConfigurations = (
				2DA208C51F1F2C6000D318EC /* Debug */,
				2DA208C61F1F2C6000D318EC /* Release */,
			);
			defaultConfigurationIsVisible = 0;
			defaultConfigurationName = Release;
		};
		2DA208C71F1F2C6000D318EC /* Build configuration list for PBXNativeTarget "LiteraryHeavenUITests" */ = {
			isa = XCConfigurationList;
			buildConfigurations = (
				2DA208C81F1F2C6000D318EC /* Debug */,
				2DA208C91F1F2C6000D318EC /* Release */,
			);
			defaultConfigurationIsVisible = 0;
			defaultConfigurationName = Release;
		};
/* End XCConfigurationList section */
	};
	rootObject = 2DA208911F1F2C6000D318EC /* Project object */;
}
